
Microsoft Visual Studio Solution File, Format Version 12.00
# Visual Studio 15
VisualStudioVersion = 15.0.27130.2024
MinimumVisualStudioVersion = 10.0.40219.1
Project("{888888A0-9F3D-457C-B088-3A5042F75D52}") = "Python1", "Python1\Python1.pyproj", "{C9037EB8-00AC-427C-A7FC-D74CE88DC293}"
EndProject
Global
	GlobalSection(SolutionConfigurationPlatforms) = preSolution
		Debug|Any CPU = Debug|Any CPU
		Release|Any CPU = Release|Any CPU
	EndGlobalSection
	GlobalSection(ProjectConfigurationPlatforms) = postSolution
		{C9037EB8-00AC-427C-A7FC-D74CE88DC293}.Debug|Any CPU.ActiveCfg = Debug|Any CPU
		{C9037EB8-00AC-427C-A7FC-D74CE88DC293}.Release|Any CPU.ActiveCfg = Release|Any CPU
	EndGlobalSection
	GlobalSection(SolutionProperties) = preSolution
		HideSolutionNode = FALSE
	EndGlobalSection
	GlobalSection(ExtensibilityGlobals) = postSolution
		SolutionGuid = {F2F914AE-7DC4-4D23-9FD9-AAF1234966DB}
	EndGlobalSection
EndGlobal
